github.com/aws/aws-sdk-go-v2 v1.32.7 h1:ky5o35oENWi0JYWUZkB7WYvVPP+bcRF5/Iq7JWSb5Rw=
github.com/aws/aws-sdk-go-v2 v1.32.7/go.mod h1:P5WJBrYqqbWVaOxgH0X/FYYD47/nooaPOZPlQdmiN2U=
github.com/aws/aws-sdk-go-v2/aws/protocol/eventstream v1.6.7 h1:lL7IfaFzngfx0ZwUGOZdsFFnQ5uLvR0hWqqhyE7Q9M8=
github.com/aws/aws-sdk-go-v2/aws/protocol/eventstream v1.6.7/go.mod h1:QraP0UcVlQJsmHfioCrveWOC1nbiWUl3ej08h4mXWoc=
github.com/aws/aws-sdk-go-v2/config v1.28.7 h1:GduUnoTXlhkgnxTD93g1nv4tVPILbdNQOzav+Wpg7AE=
github.com/aws/aws-sdk-go-v2/config v1.28.7/go.mod h1:vZGX6GVkIE8uECSUHB6MWAUsd4ZcG2Yq/dMa4refR3M=
github.com/aws/aws-sdk-go-v2/credentials v1.17.48 h1:IYdLD1qTJ0zanRavulofmqut4afs45mOWEI+MzZtTfQ=
github.com/aws/aws-sdk-go-v2/credentials v1.17.48/go.mod h1:tOscxHN3CGmuX9idQ3+qbkzrjVIx32lqDSU1/0d/qXs=
github.com/aws/aws-sdk-go-v2/feature/ec2/imds v1.16.22 h1:kqOrpojG71DxJm/KDPO+Z/y1phm1JlC8/iT+5XRmAn8=
github.com/aws/aws-sdk-go-v2/feature/ec2/imds v1.16.22/go.mod h1:NtSFajXVVL8TA2QNngagVZmUtXciyrHOt7xgz4faS/M=
github.com/aws/aws-sdk-go-v2/internal/configsources v1.3.26 h1:I/5wmGMffY4happ8NOCuIUEWGUvvFp5NSeQcXl9RHcI=
github.com/aws/aws-sdk-go-v2/internal/configsources v1.3.26/go.mod h1:FR8f4turZtNy6baO0KJ5FJUmXH/cSkI9fOngs0yl6mA=
github.com/aws/aws-sdk-go-v2/internal/endpoints/v2 v2.6.26 h1:zXFLuEuMMUOvEARXFUVJdfqZ4bvvSgdGRq/ATcrQxzM=
github.com/aws/aws-sdk-go-v2/internal/endpoints/v2 v2.6.26/go.mod h1:3o2Wpy0bogG1kyOPrgkXA8pgIfEEv0+m19O9D5+W8y8=
github.com/aws/aws-sdk-go-v2/internal/ini v1.8.1 h1:VaRN3TlFdd6KxX1x3ILT5ynH6HvKgqdiXoTxAF4HQcQ=
github.com/aws/aws-sdk-go-v2/internal/ini v1.8.1/go.mod h1:FbtygfRFze9usAadmnGJNc8KsP346kEe+y2/oyhGAGc=
github.com/aws/aws-sdk-go-v2/internal/v4a v1.3.26 h1:GeNJsIFHB+WW5ap2Tec4K6dzcVTsRbsT1Lra46Hv9ME=
github.com/aws/aws-sdk-go-v2/internal/v4a v1.3.26/go.mod h1:zfgMpwHDXX2WGoG84xG2H+ZlPTkJUU4YUvx2svLQYWo=
github.com/aws/aws-sdk-go-v2/service/internal/accept-encoding v1.12.1 h1:iXtILhvDxB6kPvEXgsDhGaZCSC6LQET5ZHSdJozeI0Y=
github.com/aws/aws-sdk-go-v2/service/internal/accept-encoding v1.12.1/go.mod h1:9nu0fVANtYiAePIBh2/pFUSwtJ402hLnp854CNoDOeE=
github.com/aws/aws-sdk-go-v2/service/internal/checksum v1.4.7 h1:tB4tNw83KcajNAzaIMhkhVI2Nt8fAZd5A5ro113FEMY=
github.com/aws/aws-sdk-go-v2/service/internal/checksum v1.4.7/go.mod h1:lvpyBGkZ3tZ9iSsUIcC2EWp+0ywa7aK3BLT+FwZi+mQ=
github.com/aws/aws-sdk-go-v2/service/internal/presigned-url v1.12.7 h1:8eUsivBQzZHqe/3FE+cqwfH+0p5Jo8PFM/QYQSmeZ+M=
github.com/aws/aws-sdk-go-v2/service/internal/presigned-url v1.12.7/go.mod h1:kLPQvGUmxn/fqiCrDeohwG33bq2pQpGeY62yRO6Nrh0=
github.com/aws/aws-sdk-go-v2/service/internal/s3shared v1.18.7 h1:Hi0KGbrnr57bEHWM0bJ1QcBzxLrL/k2DHvGYhb8+W1w=
github.com/aws/aws-sdk-go-v2/service/internal/s3shared v1.18.7/go.mod h1:wKNgWgExdjjrm4qvfbTorkvocEstaoDl4WCvGfeCy9c=
github.com/aws/aws-sdk-go-v2/service/kms v1.37.8 h1:KbLZjYqhQ9hyB4HwXiheiflTlYQa0+Fz0Ms/rh5f3mk=
github.com/aws/aws-sdk-go-v2/service/kms v1.37.8/go.mod h1:ANs9kBhK4Ghj9z1W+bsr3WsNaPF71qkgd6eE6Ekol/Y=
github.com/aws/aws-sdk-go-v2/service/s3 v1.71.1 h1:aOVVZJgWbaH+EJYPvEgkNhCEbXXvH7+oML36oaPK3zE=
github.com/aws/aws-sdk-go-v2/service/s3 v1.71.1/go.mod h1:r+xl5yzMk9083rMR+sJ5TYj9Tihvf/l1oxzZXDgGj2Q=
github.com/aws/aws-sdk-go-v2/service/sesv2 v1.40.1 h1:Yt8nLB7tGDz2tBACAvJpHHSMJ/JsFw4I2NqQI7wV8aE=
github.com/aws/aws-sdk-go-v2/service/sesv2 v1.40.1/go.mod h1:cwwQDQ0T1QgDRKyGU55qWLGg8BIij8oKKaYEjR1/U8o=
github.com/aws/aws-sdk-go-v2/service/sfn v1.34.2 h1:Xl3rMunsznXq2MlyIiuTfd0c/8mipWDk0j7ak4Jl/Eo=
github.com/aws/aws-sdk-go-v2/service/sfn v1.34.2/go.mod h1:XgAc621jHVwTQOS1gUHPPA1E2CdXwR5Pc9Pfg0+Oy0U=
github.com/aws/aws-sdk-go-v2/service/sso v1.24.8 h1:CvuUmnXI7ebaUAhbJcDy9YQx8wHR69eZ9I7q5hszt/g=
github.com/aws/aws-sdk-go-v2/service/sso v1.24.8/go.mod h1:XDeGv1opzwm8ubxddF0cgqkZWsyOtw4lr6dxwmb6YQg=
github.com/aws/aws-sdk-go-v2/service/ssooidc v1.28.7 h1:F2rBfNAL5UyswqoeWv9zs74N/NanhK16ydHW1pahX6E=
github.com/aws/aws-sdk-go-v2/service/ssooidc v1.28.7/go.mod h1:JfyQ0g2JG8+Krq0EuZNnRwX0mU0HrwY/tG6JNfcqh4k=
github.com/aws/aws-sdk-go-v2/service/sts v1.33.3 h1:Xgv/hyNgvLda/M9l9qxXc4UFSgppnRczLxlMs5Ae/QY=
github.com/aws/aws-sdk-go-v2/service/sts v1.33.3/go.mod h1:5Gn+d+VaaRgsjewpMvGazt0WfcFO+Md4wLOuBfGR9Bc=
github.com/aws/smithy-go v1.22.1 h1:/HPHZQ0g7f4eUeK6HKglFz8uwVfZKgoI25rb/J+dnro=
github.com/aws/smithy-go v1.22.1/go.mod h1:irrKGvNn1InZwb2d7fkIRNucdfwR8R+Ts3wxYa/cJHg=
github.com/cention-sany/utf7 v0.0.0-20170124080048-26cad61bd60a h1:MISbI8sU/PSK/ztvmWKFcI7UGb5/HQT7B+i3a2myKgI=
github.com/cention-sany/utf7 v0.0.0-20170124080048-26cad61bd60a/go.mod h1:2GxOXOlEPAMFPfp014mK1SWq8G8BN8o7/dfYqJrVGn8=
github.com/davecgh/go-spew v1.1.1 h1:vj9j/u1bqnvCEfJOwUhtlOARqs3+rkHYY13jYWTU97c=
github.com/davecgh/go-spew v1.1.1/go.mod h1:J7Y8YcW2NihsgmVo/mv3lAwl/skON4iLHjSsI+c5H38=
github.com/go-test/deep v1.1.0 h1:WOcxcdHcvdgThNXjw0t76K42FXTU7HpNQWHpA2HHNlg=
github.com/go-test/deep v1.1.0/go.mod h1:5C2ZWiW0ErCdrYzpqxLbTX7MG14M9iiw8DgHncVwcsE=
github.com/gogs/chardet v0.0.0-20211120154057-b7413eaefb8f h1:3BSP1Tbs2djlpprl7wCLuiqMaUh5SJkkzI2gDs+FgLs=
github.com/gogs/chardet v0.0.0-20211120154057-b7413eaefb8f/go.mod h1:Pcatq5tYkCW2Q6yrR2VRHlbHpZ/R4/7qyL1TCF7vl14=
github.com/jaytaylor/html2text v0.0.0-20230321000545-74c2419ad056 h1:iCHtR9CQyktQ5+f3dMVZfwD2KWJUgm7M0gdL9NGr8KA=
github.com/jaytaylor/html2text v0.0.0-20230321000545-74c2419ad056/go.mod h1:CVKlgaMiht+LXvHG173ujK6JUhZXKb2u/BQtjPDIvyk=
github.com/jhillyerd/enmime v1.3.0 h1:LV5kzfLidiOr8qRGIpYYmUZCnhrPbcFAnAFUnWn99rw=
github.com/jhillyerd/enmime v1.3.0/go.mod h1:6c6jg5HdRRV2FtvVL69LjiX1M8oE0xDX9VEhV3oy4gs=
github.com/mattn/go-runewidth v0.0.9/go.mod h1:H031xJmbD/WCDINGzjvQ9THkh0rPKHF+m2gUSrubnMI=
github.com/mattn/go-runewidth v0.0.16 h1:E5ScNMtiwvlvB5paMFdw9p4kSQzbXFikJ5SQO6TULQc=
github.com/mattn/go-runewidth v0.0.16/go.mod h1:Jdepj2loyihRzMpdS35Xk/zdY8IAYHsh153qUoGf23w=
github.com/olekukonko/tablewriter v0.0.5 h1:P2Ga83D34wi1o9J6Wh1mRuqd4mF/x/lgBS7N7AbDhec=
github.com/olekukonko/tablewriter v0.0.5/go.mod h1:hPp6KlRPjbx+hW8ykQs1w3UBbZlj6HuIJcUGPhkA7kY=
github.com/pkg/errors v0.9.1 h1:FEBLx1zS214owpjy7qsBeixbURkuhQAwrK5UwLGTwt4=
github.com/pkg/errors v0.9.1/go.mod h1:bwawxfHBFNV+L2hUp1rHADufV3IMtnDRdf1r5NINEl0=
github.com/pmezard/go-difflib v1.0.0 h1:4DBwDE0NGyQoBHbLQYPwSUPoCMWR5BEzIk/f1lZbAQM=
github.com/pmezard/go-difflib v1.0.0/go.mod h1:iKH77koFhYxTK1pcRnkKkqfTogsbg7gZNVY4sRDYZ/4=
github.com/rivo/uniseg v0.2.0/go.mod h1:J6wj4VEh+S6ZtnVlnTBMWIodfgj8LQOQFoIToxlJtxc=
github.com/rivo/uniseg v0.4.7 h1:WUdvkW8uEhrYfLC4ZzdpI2ztxP1I582+49Oc5Mq64VQ=
github.com/rivo/uniseg v0.4.7/go.mod h1:FN3SvrM+Zdj16jyLfmOkMNblXMcoc8DfTHruCPUcx88=
github.com/ssor/bom v0.0.0-20170718123548-6386211fdfcf h1:pvbZ0lM0XWPBqUKqFU8cmavspvIl9nulOYwdy6IFRRo=
github.com/ssor/bom v0.0.0-20170718123548-6386211fdfcf/go.mod h1:RJID2RhlZKId02nZ62WenDCkgHFerpIOmW0iT7GKmXM=
github.com/stretchr/testify v1.8.4 h1:CcVxjf3Q8PM0mHUKJCdn+eZZtm5yQwehR5yeSVQQcUk=
github.com/stretchr/testify v1.8.4/go.mod h1:sz/lmYIOXD/1dqDmKjjqLyZ2RngseejIcXlSw2iwfAo=
golang.org/x/net v0.33.0 h1:74SYHlV8BIgHIFC/LrYkOGIwL19eTYXQ5wc6TBuO36I=
golang.org/x/net v0.33.0/go.mod h1:HXLR5J+9DxmrqMwG9qjGCxZ+zKXxBru04zlTvWlWuN4=
golang.org/x/text v0.21.0 h1:zyQAAkrwaneQ066sspRyJaG9VNi/YJ1NfzcGB3hZ/qo=
golang.org/x/text v0.21.0/go.mod h1:4IBbMaMmOPCJ8SecivzSH54+73PCFmPWxNTLm+vZkEQ=
gopkg.in/yaml.v3 v3.0.1 h1:fxVm/GzAzEWqLHuvctI91KS9hhNmmWOoWu0XTYJS7CA=
gopkg.in/yaml.v3 v3.0.1/go.mod h1:K4uyk7z7BCEPqu6E+C64Yfv1cQ7kz7rIZviUmN+EgEM=
